
Microsoft Visual Studio Solution File, Format Version 12.00
# Visual Studio Version 17
VisualStudioVersion = 17.3.32811.315
MinimumVisualStudioVersion = 10.0.40219.1
Project("{FAE04EC0-301F-11D3-BF4B-00C04F79EFBC}") = "test nameof", "test nameof\test nameof.csproj", "{3303FDEE-BDD6-436D-B6F8-F53438B686E8}"
EndProject
Global
	GlobalSection(SolutionConfigurationPlatforms) = preSolution
		Debug|Any CPU = Debug|Any CPU
		Release|Any CPU = Release|Any CPU
	EndGlobalSection
	GlobalSection(ProjectConfigurationPlatforms) = postSolution
		{3303FDEE-BDD6-436D-B6F8-F53438B686E8}.Debug|Any CPU.ActiveCfg = Debug|Any CPU
		{3303FDEE-BDD6-436D-B6F8-F53438B686E8}.Debug|Any CPU.Build.0 = Debug|Any CPU
		{3303FDEE-BDD6-436D-B6F8-F53438B686E8}.Release|Any CPU.ActiveCfg = Release|Any CPU
		{3303FDEE-BDD6-436D-B6F8-F53438B686E8}.Release|Any CPU.Build.0 = Release|Any CPU
	EndGlobalSection
	GlobalSection(SolutionProperties) = preSolution
		HideSolutionNode = FALSE
	EndGlobalSection
	GlobalSection(ExtensibilityGlobals) = postSolution
		SolutionGuid = {FD78CFE6-7914-4BCF-B5CE-CFEE7B72F6FD}
	EndGlobalSection
EndGlobal
